{
  "name": "@rbxts/react-redux",
  "version": "0.1.0-ts.1",
  "lockfileVersion": 3,
  "requires": true,
  "packages": {
    "": {
      "name": "@rbxts/react-redux",
      "version": "0.1.0-ts.1",
      "license": "MIT",
      "dependencies": {
        "@rbxts/luau-polyfill-internal": "^1.2.3-ts.0",
        "@rbxts/react": "^17.2.1",
        "@rbxts/redux": "npm:@rbxts/rodux@^3.0.0-ts.3"
      },
      "devDependencies": {
        "@rbxts/compiler-types": "^3.0.0-types.0"
      }
    },
    "node_modules/@rbxts/compiler-types": {
      "version": "3.0.0-types.0",
      "resolved": "https://registry.npmjs.org/@rbxts/compiler-types/-/compiler-types-3.0.0-types.0.tgz",
      "integrity": "sha512-VGOHJPoL7+56NTatMGqQj3K7xWuzEV+aP4QD5vZiHu+bcff3kiTmtoadaF6NkJrmwfFAvbsd4Dg764ZjWNceag==",
      "dev": true,
      "license": "MIT"
    },
    "node_modules/@rbxts/luau-polyfill-internal": {
      "version": "1.2.3-ts.0",
      "resolved": "https://registry.npmjs.org/@rbxts/luau-polyfill-internal/-/luau-polyfill-internal-1.2.3-ts.0.tgz",
      "integrity": "sha512-LG1h4uf+MpMxu6RfOLowRe+NOs2SWXzCmYd49WvfR8ZKVUNHvT0BeVIL9rS9q//mTlz8BXDyl5EVIyjnKgsekA=="
    },
    "node_modules/@rbxts/react": {
      "version": "17.2.1",
      "resolved": "https://registry.npmjs.org/@rbxts/react/-/react-17.2.1.tgz",
      "integrity": "sha512-iu0RsVvfHroI7l+QXjwE0FiWV2rXoKMxuznDZ8vnx2BsFqrPnCqFjXuNeGYZwibibZC6jbyq7uKl+/8cz7XlsA==",
      "license": "MIT",
      "dependencies": {
        "@rbxts/react-vendor": "17.2.1"
      }
    },
    "node_modules/@rbxts/react-vendor": {
      "version": "17.2.1",
      "resolved": "https://registry.npmjs.org/@rbxts/react-vendor/-/react-vendor-17.2.1.tgz",
      "integrity": "sha512-7DxFweCbhhso4M4tl1pO7Kil9SZrvOl1SoZ4lnwUfoxdHvSmWgeKgaUqd+ZS3/u1E8kRraqGQ56Q8zjUEEUzlA==",
      "license": "MIT"
    },
    "node_modules/@rbxts/redux": {
      "name": "@rbxts/rodux",
      "version": "3.0.0-ts.3",
      "resolved": "https://registry.npmjs.org/@rbxts/rodux/-/rodux-3.0.0-ts.3.tgz",
      "integrity": "sha512-LrLowiF1YL5U+lQheCNMo8sbrSEoZAIlVFOGB7Edjein5TtZAeNgyJrhY5yFH5gAfJQzFRnZWVOxWFaMlD0GRg=="
    }
  }
}
