{
  "name": "@rbxts/react-redux",
  "version": "0.1.0",
  "lockfileVersion": 3,
  "requires": true,
  "packages": {
    "": {
      "name": "@rbxts/react-redux",
      "version": "0.1.0",
      "license": "MIT",
      "dependencies": {
        "@rbxts/luau-polyfill-internal": "^1.2.3-ts.0",
        "@rbxts/redux": "npm:@rbxts/rodux@^3.0.0-ts.3",
        "@rbxts/roact": "npm:@rbxts/react-ts@^1.0.1"
      },
      "devDependencies": {
        "@rbxts/compiler-types": "^2.1.1-types.0"
      }
    },
    "node_modules/@rbxts/compiler-types": {
      "version": "2.1.1-types.0",
      "resolved": "https://registry.npmjs.org/@rbxts/compiler-types/-/compiler-types-2.1.1-types.0.tgz",
      "integrity": "sha512-wBRma9MgPbOxvCaQEUvraHLHAmLFGW9R6fT65+MBu3uCYM6vUNWj8l4dHRxgkUK8lnGYdGWxsr/sZFk8sdvwog==",
      "dev": true
    },
    "node_modules/@rbxts/luau-polyfill-internal": {
      "version": "1.2.3-ts.0",
      "resolved": "https://registry.npmjs.org/@rbxts/luau-polyfill-internal/-/luau-polyfill-internal-1.2.3-ts.0.tgz",
      "integrity": "sha512-LG1h4uf+MpMxu6RfOLowRe+NOs2SWXzCmYd49WvfR8ZKVUNHvT0BeVIL9rS9q//mTlz8BXDyl5EVIyjnKgsekA=="
    },
    "node_modules/@rbxts/promise-forward": {
      "version": "1.0.5",
      "resolved": "https://registry.npmjs.org/@rbxts/promise-forward/-/promise-forward-1.0.5.tgz",
      "integrity": "sha512-FrL3pIQDbRD1hKsUNH1Fwwd5jOuqU0vzKQI4Xo96AqzizYc4fb6vDkUg9Iq+IFki6FVlFvPN+YnvkCxGMjJw4Q=="
    },
    "node_modules/@rbxts/react-internal": {
      "version": "0.2.2",
      "resolved": "https://registry.npmjs.org/@rbxts/react-internal/-/react-internal-0.2.2.tgz",
      "integrity": "sha512-/34bcOntTzucAwMvo2OtSJT05zfH88kjR0UKyBcADbbZ71KgMKai2Q8ccKKt7IuoPJDzP14dCHd5pXL44M2rkw==",
      "dependencies": {
        "@rbxts/luau-polyfill-internal": "1.2.3-ts.0",
        "@rbxts/shared-internal": "^0.2.1"
      }
    },
    "node_modules/@rbxts/react-reconciler-internal": {
      "version": "0.2.1",
      "resolved": "https://registry.npmjs.org/@rbxts/react-reconciler-internal/-/react-reconciler-internal-0.2.1.tgz",
      "integrity": "sha512-+1iF6id3YuhChfJguBFqzDtYvruGFhkLz9Wr8T0ekp7RlGe4l7d7KLUg5l8GRPj9FbmjQFc0UufBHWmKkrJ2qQ==",
      "dependencies": {
        "@rbxts/luau-polyfill-internal": "1.2.3-ts.0",
        "@rbxts/promise-forward": "^1.0.4",
        "@rbxts/react-internal": "^0.2.2",
        "@rbxts/scheduler-internal": "^0.2.1",
        "@rbxts/shared-internal": "^0.2.1"
      }
    },
    "node_modules/@rbxts/react-roblox": {
      "version": "0.1.2",
      "resolved": "https://registry.npmjs.org/@rbxts/react-roblox/-/react-roblox-0.1.2.tgz",
      "integrity": "sha512-74R0iemEWSgrE8f98JMfdQFSE+VpJTqo91aaZoBbskqHdeWX+kvVxjkiE5nMOkjIfptVHlZvD7P18hOTe2lwog==",
      "dependencies": {
        "@rbxts/luau-polyfill-internal": "1.2.3-ts.0",
        "@rbxts/react-internal": "^0.2.2",
        "@rbxts/react-reconciler-internal": "^0.2.1",
        "@rbxts/scheduler-internal": "^0.2.1",
        "@rbxts/shared-internal": "^0.2.1"
      }
    },
    "node_modules/@rbxts/redux": {
      "name": "@rbxts/rodux",
      "version": "3.0.0-ts.3",
      "resolved": "https://registry.npmjs.org/@rbxts/rodux/-/rodux-3.0.0-ts.3.tgz",
      "integrity": "sha512-LrLowiF1YL5U+lQheCNMo8sbrSEoZAIlVFOGB7Edjein5TtZAeNgyJrhY5yFH5gAfJQzFRnZWVOxWFaMlD0GRg=="
    },
    "node_modules/@rbxts/roact": {
      "name": "@rbxts/react-ts",
      "version": "1.0.1",
      "resolved": "https://registry.npmjs.org/@rbxts/react-ts/-/react-ts-1.0.1.tgz",
      "integrity": "sha512-u/QsFkjWwEbr502xRfCNGjtMfOjqRiVGF5gb3Ox9Z94ymHPXniVsopmT582QpTZLuEcfB5TKvsvpFzFSQ14edg==",
      "dependencies": {
        "@rbxts/react-internal": "^0.2.2",
        "@rbxts/roact-compat-internal": "^0.3.1"
      }
    },
    "node_modules/@rbxts/roact-compat-internal": {
      "version": "0.3.1",
      "resolved": "https://registry.npmjs.org/@rbxts/roact-compat-internal/-/roact-compat-internal-0.3.1.tgz",
      "integrity": "sha512-euje2jF3S83VNMtNvrjDgO3XpMibyIYcstCKsvLfIDASfCArtltwQRnjk3ewq20b2hOfy4wneQ8iXu2Di7J8rw==",
      "dependencies": {
        "@rbxts/luau-polyfill-internal": "1.2.3-ts.0",
        "@rbxts/react-internal": "^0.2.2",
        "@rbxts/react-roblox": "^0.1.2",
        "@rbxts/shared-internal": "^0.2.1"
      }
    },
    "node_modules/@rbxts/scheduler-internal": {
      "version": "0.2.1",
      "resolved": "https://registry.npmjs.org/@rbxts/scheduler-internal/-/scheduler-internal-0.2.1.tgz",
      "integrity": "sha512-9CVi2ZJMH+T4blfDd0t7bScBLWi49eD99eJ3Ie/Cv3WxQ5iYsZLSeSxzut5Yzkb83cYGb/alUGM/gzx0B19KQw==",
      "dependencies": {
        "@rbxts/luau-polyfill-internal": "1.2.3-ts.0",
        "@rbxts/shared-internal": "^0.2.1"
      }
    },
    "node_modules/@rbxts/shared-internal": {
      "version": "0.2.1",
      "resolved": "https://registry.npmjs.org/@rbxts/shared-internal/-/shared-internal-0.2.1.tgz",
      "integrity": "sha512-HWLFesx5u8NTyDMTNXEkskGT6nE5VLaEnnnq852ixiBtdfIdN/sGCgNnkwbHAq9P9cgX52V3EB5GdVeWcwJzkA==",
      "dependencies": {
        "@rbxts/luau-polyfill-internal": "1.2.3-ts.0"
      }
    }
  }
}
