{
	"name": "@rbxts/janitor",
	"version": "1.0.7",
	"lockfileVersion": 2,
	"requires": true,
	"packages": {
		"": {
			"name": "@rbxts/janitor",
			"version": "1.0.7",
			"license": "Apache-2.0",
			"devDependencies": {
				"@rbxts/compiler-types": "^1.1.0-types.0"
			}
		},
		"node_modules/@rbxts/compiler-types": {
			"version": "1.1.0-types.0",
			"resolved": "https://registry.npmjs.org/@rbxts/compiler-types/-/compiler-types-1.1.0-types.0.tgz",
			"integrity": "sha512-EbZLA0cMkOw1jR7SI5Als2Uo4R+w0SHJwzun4LuI9czpe0u5x1VOMWDIMg8eskYl3Djmc5cnK69VgrpVZL08gA==",
			"dev": true
		}
	},
	"dependencies": {
		"@rbxts/compiler-types": {
			"version": "1.1.0-types.0",
			"resolved": "https://registry.npmjs.org/@rbxts/compiler-types/-/compiler-types-1.1.0-types.0.tgz",
			"integrity": "sha512-EbZLA0cMkOw1jR7SI5Als2Uo4R+w0SHJwzun4LuI9czpe0u5x1VOMWDIMg8eskYl3Djmc5cnK69VgrpVZL08gA==",
			"dev": true
		}
	}
}
