{
  "name": "@rbxts/janitor",
  "version": "1.17.0-ts.0",
  "lockfileVersion": 3,
  "requires": true,
  "packages": {
    "": {
      "name": "@rbxts/janitor",
      "version": "1.17.0-ts.0",
      "license": "Apache-2.0",
      "devDependencies": {
        "@rbxts/compiler-types": "^2.2.0-types.0",
        "@rbxts/types": "^1.0.746"
      }
    },
    "node_modules/@rbxts/compiler-types": {
      "version": "2.2.0-types.0",
      "resolved": "https://registry.npmjs.org/@rbxts/compiler-types/-/compiler-types-2.2.0-types.0.tgz",
      "integrity": "sha512-ycsIGfp49MypbRi4eEPCXTjbb2iLKL1/2GjRrFLuLJL74fCfVtbAXIo2LiZhPrgqIiBLomb4JN5Rcqv4304bzw==",
      "dev": true
    },
    "node_modules/@rbxts/types": {
      "version": "1.0.801",
      "resolved": "https://registry.npmjs.org/@rbxts/types/-/types-1.0.801.tgz",
      "integrity": "sha512-8F9mR7cwVtkbdr0oj0Pq26ncstqs8t/a2jYrbXAe2YkmCBJwr3Iddo2lDVKelISAWJtD5wz1YSxH0uUO//XsqQ==",
      "dev": true
    }
  }
}
