{
  "name": "@rbxts/janitor",
  "version": "1.18.3-ts.0",
  "lockfileVersion": 3,
  "requires": true,
  "packages": {
    "": {
      "name": "@rbxts/janitor",
      "version": "1.18.3-ts.0",
      "license": "Apache-2.0",
      "devDependencies": {
        "@rbxts/compiler-types": "^3.0.0-types.0",
        "@rbxts/types": "^1.0.855"
      }
    },
    "node_modules/@rbxts/compiler-types": {
      "version": "3.0.0-types.0",
      "resolved": "https://registry.npmjs.org/@rbxts/compiler-types/-/compiler-types-3.0.0-types.0.tgz",
      "integrity": "sha512-VGOHJPoL7+56NTatMGqQj3K7xWuzEV+aP4QD5vZiHu+bcff3kiTmtoadaF6NkJrmwfFAvbsd4Dg764ZjWNceag==",
      "dev": true
    },
    "node_modules/@rbxts/types": {
      "version": "1.0.856",
      "resolved": "https://registry.npmjs.org/@rbxts/types/-/types-1.0.856.tgz",
      "integrity": "sha512-Giemet/4JmCi+ROxvY/r7q9T3Ca6Sw5BPdvyOWukZ7hQrkrm5U1CoIJpK7vwS7ieruPGymk0RkwXXB6AAsmOlQ==",
      "dev": true
    }
  }
}
