{
  "name": "quicksave",
  "version": "1.0.0",
  "lockfileVersion": 2,
  "requires": true,
  "packages": {
    "": {
      "version": "1.0.0",
      "license": "MIT",
      "dependencies": {
        "@rbxts/t": "^2.1.1"
      },
      "devDependencies": {
        "@rbxts/compiler-types": "^1.0.0-beta.16.1",
        "@rbxts/types": "^1.0.456"
      }
    },
    "node_modules/@rbxts/compiler-types": {
      "version": "1.0.0-beta.16.1",
      "resolved": "https://registry.npmjs.org/@rbxts/compiler-types/-/compiler-types-1.0.0-beta.16.1.tgz",
      "integrity": "sha512-Z3sDPoxEVS+u8i4eo/cH+utBf3W4hb3J71XrtKbbFHYL7jqhXWjkEF10kJomGfwiCd2+aBRMnPtlfyce3B/3/Q==",
      "dev": true
    },
    "node_modules/@rbxts/t": {
      "version": "2.1.1",
      "resolved": "https://registry.npmjs.org/@rbxts/t/-/t-2.1.1.tgz",
      "integrity": "sha512-d8VQouo4kEidg9uDX22fnpEDssq7QdMhwOrbMdFY/L5N4pgsu1S0M72HoDQzYj4JefvhQ2glcNWhHhbOquZY8w==",
      "dependencies": {
        "@rbxts/types": "^1.0.434"
      }
    },
    "node_modules/@rbxts/types": {
      "version": "1.0.456",
      "resolved": "https://registry.npmjs.org/@rbxts/types/-/types-1.0.456.tgz",
      "integrity": "sha512-8efM6Mo+iLMl6pJ8GeOENcp0BiwJc2WwtE6ksupJfQrbAm8AX1gL0AhqMn4d4kkJjuyMpun8wz+TYFgdsB8fVA=="
    }
  },
  "dependencies": {
    "@rbxts/compiler-types": {
      "version": "1.0.0-beta.16.1",
      "resolved": "https://registry.npmjs.org/@rbxts/compiler-types/-/compiler-types-1.0.0-beta.16.1.tgz",
      "integrity": "sha512-Z3sDPoxEVS+u8i4eo/cH+utBf3W4hb3J71XrtKbbFHYL7jqhXWjkEF10kJomGfwiCd2+aBRMnPtlfyce3B/3/Q==",
      "dev": true
    },
    "@rbxts/t": {
      "version": "2.1.1",
      "resolved": "https://registry.npmjs.org/@rbxts/t/-/t-2.1.1.tgz",
      "integrity": "sha512-d8VQouo4kEidg9uDX22fnpEDssq7QdMhwOrbMdFY/L5N4pgsu1S0M72HoDQzYj4JefvhQ2glcNWhHhbOquZY8w==",
      "requires": {
        "@rbxts/types": "^1.0.434"
      }
    },
    "@rbxts/types": {
      "version": "1.0.456",
      "resolved": "https://registry.npmjs.org/@rbxts/types/-/types-1.0.456.tgz",
      "integrity": "sha512-8efM6Mo+iLMl6pJ8GeOENcp0BiwJc2WwtE6ksupJfQrbAm8AX1gL0AhqMn4d4kkJjuyMpun8wz+TYFgdsB8fVA=="
    }
  }
}
