{
  "name": "@rbxts/profileservice",
  "version": "1.4.1",
  "lockfileVersion": 2,
  "requires": true,
  "packages": {
    "": {
      "name": "@rbxts/profileservice",
      "version": "1.4.1",
      "license": "Apache-2.0",
      "devDependencies": {
        "@rbxts/compiler-types": "^1.2.3-types.1"
      }
    },
    "node_modules/@rbxts/compiler-types": {
      "version": "1.2.3-types.1",
      "resolved": "https://registry.npmjs.org/@rbxts/compiler-types/-/compiler-types-1.2.3-types.1.tgz",
      "integrity": "sha512-SXXIBazyJ7N6d2xcy471/kqZZpCv7EDOWrRJ45jcv3g00VQaZwYl4Elr10woqRloIblQanwJ7yUqGXAsWv7iuQ==",
      "dev": true
    }
  },
  "dependencies": {
    "@rbxts/compiler-types": {
      "version": "1.2.3-types.1",
      "resolved": "https://registry.npmjs.org/@rbxts/compiler-types/-/compiler-types-1.2.3-types.1.tgz",
      "integrity": "sha512-SXXIBazyJ7N6d2xcy471/kqZZpCv7EDOWrRJ45jcv3g00VQaZwYl4Elr10woqRloIblQanwJ7yUqGXAsWv7iuQ==",
      "dev": true
    }
  }
}
